
Microsoft Visual Studio Solution File, Format Version 12.00
# Visual Studio Version 16
VisualStudioVersion = 16.0.30114.105
MinimumVisualStudioVersion = 10.0.40219.1
Project("{2150E333-8FDC-42A3-9474-1A3956D46DE8}") = "BLL", "BLL", "{9D4982D1-582F-4AFE-BB39-0A9F3B1C114C}"
EndProject
Project("{2150E333-8FDC-42A3-9474-1A3956D46DE8}") = "DAL", "DAL", "{CE4A0A10-1770-4ED6-A089-6BC08DE36F77}"
EndProject
Project("{9A19103F-16F7-4668-BE54-9A1E7A4F7556}") = "GYM.BLL", "GYM.BLL\GYM.BLL.csproj", "{F5BA2280-1B2B-47C9-BA2B-8285EAD8E8EE}"
EndProject
Project("{9A19103F-16F7-4668-BE54-9A1E7A4F7556}") = "GYM.DAL", "GYM.DAL\GYM.DAL.csproj", "{3FDD0E2B-77DE-4B17-B8BC-B1D57B2DDAF2}"
EndProject
Project("{2150E333-8FDC-42A3-9474-1A3956D46DE8}") = "Common", "Common", "{DEC9589C-D668-4F3D-9BA9-277C6351D0CB}"
EndProject
Project("{FAE04EC0-301F-11D3-BF4B-00C04F79EFBC}") = "GYM.COMMON", "GYM.COMMON\GYM.COMMON.csproj", "{418BAD46-A58C-4FAF-A620-4EF15A12CDDB}"
EndProject
Project("{2150E333-8FDC-42A3-9474-1A3956D46DE8}") = "Server", "Server", "{56B2E539-21E1-48EF-A368-B83FDC574C86}"
EndProject
Project("{9A19103F-16F7-4668-BE54-9A1E7A4F7556}") = "WebGYM", "WebGYM\WebGYM.csproj", "{B59497FB-C95A-4791-A587-6C0F01FDCB5B}"
EndProject
Global
	GlobalSection(SolutionConfigurationPlatforms) = preSolution
		Debug|Any CPU = Debug|Any CPU
		Release|Any CPU = Release|Any CPU
	EndGlobalSection
	GlobalSection(ProjectConfigurationPlatforms) = postSolution
		{F5BA2280-1B2B-47C9-BA2B-8285EAD8E8EE}.Debug|Any CPU.ActiveCfg = Debug|Any CPU
		{F5BA2280-1B2B-47C9-BA2B-8285EAD8E8EE}.Debug|Any CPU.Build.0 = Debug|Any CPU
		{F5BA2280-1B2B-47C9-BA2B-8285EAD8E8EE}.Release|Any CPU.ActiveCfg = Release|Any CPU
		{F5BA2280-1B2B-47C9-BA2B-8285EAD8E8EE}.Release|Any CPU.Build.0 = Release|Any CPU
		{3FDD0E2B-77DE-4B17-B8BC-B1D57B2DDAF2}.Debug|Any CPU.ActiveCfg = Debug|Any CPU
		{3FDD0E2B-77DE-4B17-B8BC-B1D57B2DDAF2}.Debug|Any CPU.Build.0 = Debug|Any CPU
		{3FDD0E2B-77DE-4B17-B8BC-B1D57B2DDAF2}.Release|Any CPU.ActiveCfg = Release|Any CPU
		{3FDD0E2B-77DE-4B17-B8BC-B1D57B2DDAF2}.Release|Any CPU.Build.0 = Release|Any CPU
		{418BAD46-A58C-4FAF-A620-4EF15A12CDDB}.Debug|Any CPU.ActiveCfg = Debug|Any CPU
		{418BAD46-A58C-4FAF-A620-4EF15A12CDDB}.Debug|Any CPU.Build.0 = Debug|Any CPU
		{418BAD46-A58C-4FAF-A620-4EF15A12CDDB}.Release|Any CPU.ActiveCfg = Release|Any CPU
		{418BAD46-A58C-4FAF-A620-4EF15A12CDDB}.Release|Any CPU.Build.0 = Release|Any CPU
		{B59497FB-C95A-4791-A587-6C0F01FDCB5B}.Debug|Any CPU.ActiveCfg = Debug|Any CPU
		{B59497FB-C95A-4791-A587-6C0F01FDCB5B}.Debug|Any CPU.Build.0 = Debug|Any CPU
		{B59497FB-C95A-4791-A587-6C0F01FDCB5B}.Release|Any CPU.ActiveCfg = Release|Any CPU
		{B59497FB-C95A-4791-A587-6C0F01FDCB5B}.Release|Any CPU.Build.0 = Release|Any CPU
	EndGlobalSection
	GlobalSection(SolutionProperties) = preSolution
		HideSolutionNode = FALSE
	EndGlobalSection
	GlobalSection(NestedProjects) = preSolution
		{F5BA2280-1B2B-47C9-BA2B-8285EAD8E8EE} = {9D4982D1-582F-4AFE-BB39-0A9F3B1C114C}
		{3FDD0E2B-77DE-4B17-B8BC-B1D57B2DDAF2} = {CE4A0A10-1770-4ED6-A089-6BC08DE36F77}
		{418BAD46-A58C-4FAF-A620-4EF15A12CDDB} = {DEC9589C-D668-4F3D-9BA9-277C6351D0CB}
		{B59497FB-C95A-4791-A587-6C0F01FDCB5B} = {56B2E539-21E1-48EF-A368-B83FDC574C86}
	EndGlobalSection
	GlobalSection(ExtensibilityGlobals) = postSolution
		SolutionGuid = {095470DF-686B-4305-9644-8592F9A11EB7}
	EndGlobalSection
EndGlobal
